<?xml version="1.0" encoding="utf-8"?>
<Project ToolsVersion="4.0" xmlns="http://schemas.microsoft.com/developer/msbuild/2003">
  <ItemGroup>
    <Filter Include="Source Files">
      <UniqueIdentifier>{4FC737F1-C7A5-4376-A066-2A32D752A2FF}</UniqueIdentifier>
      <Extensions>cpp;c;cc;cxx;def;odl;idl;hpj;bat;asm;asmx</Extensions>
    </Filter>
    <Filter Include="Header Files">
      <UniqueIdentifier>{93995380-89BD-4b04-88EB-625FBE52EBFB}</UniqueIdentifier>
      <Extensions>h;hh;hpp;hxx;hm;inl;inc;xsd</Extensions>
    </Filter>
    <Filter Include="Resource Files">
      <UniqueIdentifier>{67DA6AB6-F800-4c08-8B7A-83BB121AAD01}</UniqueIdentifier>
      <Extensions>rc;ico;cur;bmp;dlg;rc2;rct;bin;rgs;gif;jpg;jpeg;jpe;resx;tiff;tif;png;wav;mfcribbon-ms</Extensions>
    </Filter>
    <Filter Include="Header Files\Engine">
      <UniqueIdentifier>{9345829f-be54-4acd-9c0b-4cea3df1d12e}</UniqueIdentifier>
    </Filter>
    <Filter Include="Header Files\Engine\3D Base Objects">
      <UniqueIdentifier>{532e41d4-1a9a-419e-9c05-c44210c81dbb}</UniqueIdentifier>
    </Filter>
    <Filter Include="Header Files\Engine\GUI Object Types">
      <UniqueIdentifier>{c8f2d21c-4f8f-4f06-a04f-6e6bd0386e79}</UniqueIdentifier>
    </Filter>
    <Filter Include="Header Files\Test Dialogues">
      <UniqueIdentifier>{b9ad24b7-6866-4682-9df9-bcb7b2e00384}</UniqueIdentifier>
    </Filter>
    <Filter Include="Header Files\Engine\Utilities">
      <UniqueIdentifier>{c2eee002-fcec-4a27-a338-fc59e6f44e0d}</UniqueIdentifier>
    </Filter>
    <Filter Include="Header Files\Engine\Winsock Helpers">
      <UniqueIdentifier>{aaf79eb9-8461-422d-9d28-87aa5c0d7e21}</UniqueIdentifier>
    </Filter>
  </ItemGroup>
  <ItemGroup>
    <ClInclude Include="Engine\ArcadiaEngine.h">
      <Filter>Header Files\Engine</Filter>
    </ClInclude>
    <ClInclude Include="Engine\InputManager.h">
      <Filter>Header Files\Engine</Filter>
    </ClInclude>
    <ClInclude Include="Engine\TimeSlice.h">
      <Filter>Header Files\Engine</Filter>
    </ClInclude>
    <ClInclude Include="Engine\WindowManager.h">
      <Filter>Header Files\Engine</Filter>
    </ClInclude>
    <ClInclude Include="EngineTest.h">
      <Filter>Header Files</Filter>
    </ClInclude>
    <ClInclude Include="Engine\GLMCamera.h">
      <Filter>Header Files\Engine</Filter>
    </ClInclude>
    <ClInclude Include="Engine\Program.h">
      <Filter>Header Files\Engine</Filter>
    </ClInclude>
    <ClInclude Include="Engine\Shader.h">
      <Filter>Header Files\Engine</Filter>
    </ClInclude>
    <ClInclude Include="Engine\SplittableCube.h">
      <Filter>Header Files\Engine\3D Base Objects</Filter>
    </ClInclude>
    <ClInclude Include="Engine\BasicPrimativeCube.h">
      <Filter>Header Files\Engine\3D Base Objects</Filter>
    </ClInclude>
    <ClInclude Include="Engine\GUIEditBox.h">
      <Filter>Header Files\Engine\GUI Object Types</Filter>
    </ClInclude>
    <ClInclude Include="Engine\GUILabel.h">
      <Filter>Header Files\Engine\GUI Object Types</Filter>
    </ClInclude>
    <ClInclude Include="Engine\GUIListBox.h">
      <Filter>Header Files\Engine\GUI Object Types</Filter>
    </ClInclude>
    <ClInclude Include="Engine\GUIMoveable.h">
      <Filter>Header Files\Engine\GUI Object Types</Filter>
    </ClInclude>
    <ClInclude Include="Engine\GUIButton.h">
      <Filter>Header Files\Engine\GUI Object Types</Filter>
    </ClInclude>
    <ClInclude Include="Engine\GUICheckbox.h">
      <Filter>Header Files\Engine\GUI Object Types</Filter>
    </ClInclude>
    <ClInclude Include="Engine\GUIDropDown.h">
      <Filter>Header Files\Engine\GUI Object Types</Filter>
    </ClInclude>
    <ClInclude Include="Engine\GUIObjectNode.h">
      <Filter>Header Files\Engine\GUI Object Types</Filter>
    </ClInclude>
    <ClInclude Include="Engine\GUIManager.h">
      <Filter>Header Files\Engine</Filter>
    </ClInclude>
    <ClInclude Include="Engine\Vector3.h">
      <Filter>Header Files\Engine\Utilities</Filter>
    </ClInclude>
    <ClInclude Include="Engine\ShapeSplitPoints.h">
      <Filter>Header Files\Engine\Utilities</Filter>
    </ClInclude>
    <ClInclude Include="Engine\Color.h">
      <Filter>Header Files\Engine\Utilities</Filter>
    </ClInclude>
    <ClInclude Include="Engine\Socket.h">
      <Filter>Header Files\Engine\Winsock Helpers</Filter>
    </ClInclude>
    <ClInclude Include="Engine\SocketBuffer.h">
      <Filter>Header Files\Engine\Winsock Helpers</Filter>
    </ClInclude>
    <ClInclude Include="Engine\TextureAnimation.h">
      <Filter>Header Files\Engine</Filter>
    </ClInclude>
    <ClInclude Include="Engine\TextureManager.h">
      <Filter>Header Files\Engine</Filter>
    </ClInclude>
    <ClInclude Include="Engine\XMLWrapper.h">
      <Filter>Header Files\Engine</Filter>
    </ClInclude>
    <ClInclude Include="Engine\AutoPlayManager.h">
      <Filter>Header Files\Engine</Filter>
    </ClInclude>
    <ClInclude Include="Engine\DebugConsole.h">
      <Filter>Header Files\Engine</Filter>
    </ClInclude>
    <ClInclude Include="Engine\FontManager.h">
      <Filter>Header Files\Engine</Filter>
    </ClInclude>
    <ClInclude Include="Engine\MemoryManager.h">
      <Filter>Header Files\Engine</Filter>
    </ClInclude>
    <ClInclude Include="Engine\SimpleMD5.h">
      <Filter>Header Files\Engine</Filter>
    </ClInclude>
    <ClInclude Include="Engine\SoundWrapper.h">
      <Filter>Header Files\Engine</Filter>
    </ClInclude>
    <ClInclude Include="Engine\WinsockWrapper.h">
      <Filter>Header Files\Engine</Filter>
    </ClInclude>
    <ClInclude Include="MemoryShowcase.h">
      <Filter>Header Files\Test Dialogues</Filter>
    </ClInclude>
    <ClInclude Include="SoundShowcase.h">
      <Filter>Header Files\Test Dialogues</Filter>
    </ClInclude>
    <ClInclude Include="TopDownExample.h">
      <Filter>Header Files\Test Dialogues</Filter>
    </ClInclude>
    <ClInclude Include="WinsockShowcase.h">
      <Filter>Header Files\Test Dialogues</Filter>
    </ClInclude>
    <ClInclude Include="World3DExample.h">
      <Filter>Header Files\Test Dialogues</Filter>
    </ClInclude>
    <ClInclude Include="UIShowcase.h">
      <Filter>Header Files\Test Dialogues</Filter>
    </ClInclude>
    <ClInclude Include="Engine\BasicPrimativeIcosahedron.h">
      <Filter>Header Files\Engine\3D Base Objects</Filter>
    </ClInclude>
    <ClInclude Include="Engine\SplittableIcosahedron.h">
      <Filter>Header Files\Engine\3D Base Objects</Filter>
    </ClInclude>
    <ClInclude Include="Engine\BasicRenderable3D.h">
      <Filter>Header Files\Engine\3D Base Objects</Filter>
    </ClInclude>
    <ClInclude Include="Engine\BasicPrimativeQuad.h">
      <Filter>Header Files\Engine\3D Base Objects</Filter>
    </ClInclude>
  </ItemGroup>
  <ItemGroup>
    <ClCompile Include="main.cpp">
      <Filter>Source Files</Filter>
    </ClCompile>
  </ItemGroup>
  <ItemGroup>
    <Text Include="Shaders\FragmentShader_Basic.txt">
      <Filter>Resource Files</Filter>
    </Text>
    <Text Include="Shaders\VertexShader_Basic.txt">
      <Filter>Resource Files</Filter>
    </Text>
  </ItemGroup>
</Project>